
Microsoft Visual Studio Solution File, Format Version 12.00
# Visual Studio Version 17
VisualStudioVersion = 17.0.31903.59
MinimumVisualStudioVersion = 10.0.40219.1
Project("{FAE04EC0-301F-11D3-BF4B-00C04F79EFBC}") = "AdminConsole.Core", "AdminConsole.Core\AdminConsole.Core.csproj", "{01282FF2-359D-4FDF-A0EF-21A7D6AF71BF}"
EndProject
Project("{FAE04EC0-301F-11D3-BF4B-00C04F79EFBC}") = "AdminConsole.Model", "AdminConsole.Model\AdminConsole.Model.csproj", "{A8EA32AB-C40E-4BEB-B1AC-D92F595E90C5}"
EndProject
Project("{FAE04EC0-301F-11D3-BF4B-00C04F79EFBC}") = "AdminConsole.Repository", "AdminConsole.Repository\AdminConsole.Repository.csproj", "{B42DD9EE-C461-4128-893C-CC67FC8BEBEB}"
EndProject
Project("{FAE04EC0-301F-11D3-BF4B-00C04F79EFBC}") = "AdminConsole.Web", "AdminConsole.Web\AdminConsole.Web.csproj", "{BF5AB55B-A9AD-4EC1-9BA7-116C4A6B1ABF}"
EndProject
Global
	GlobalSection(SolutionConfigurationPlatforms) = preSolution
		Debug|Any CPU = Debug|Any CPU
		Release|Any CPU = Release|Any CPU
	EndGlobalSection
	GlobalSection(SolutionProperties) = preSolution
		HideSolutionNode = FALSE
	EndGlobalSection
	GlobalSection(ProjectConfigurationPlatforms) = postSolution
		{01282FF2-359D-4FDF-A0EF-21A7D6AF71BF}.Debug|Any CPU.ActiveCfg = Debug|Any CPU
		{01282FF2-359D-4FDF-A0EF-21A7D6AF71BF}.Debug|Any CPU.Build.0 = Debug|Any CPU
		{01282FF2-359D-4FDF-A0EF-21A7D6AF71BF}.Release|Any CPU.ActiveCfg = Release|Any CPU
		{01282FF2-359D-4FDF-A0EF-21A7D6AF71BF}.Release|Any CPU.Build.0 = Release|Any CPU
		{A8EA32AB-C40E-4BEB-B1AC-D92F595E90C5}.Debug|Any CPU.ActiveCfg = Debug|Any CPU
		{A8EA32AB-C40E-4BEB-B1AC-D92F595E90C5}.Debug|Any CPU.Build.0 = Debug|Any CPU
		{A8EA32AB-C40E-4BEB-B1AC-D92F595E90C5}.Release|Any CPU.ActiveCfg = Release|Any CPU
		{A8EA32AB-C40E-4BEB-B1AC-D92F595E90C5}.Release|Any CPU.Build.0 = Release|Any CPU
		{B42DD9EE-C461-4128-893C-CC67FC8BEBEB}.Debug|Any CPU.ActiveCfg = Debug|Any CPU
		{B42DD9EE-C461-4128-893C-CC67FC8BEBEB}.Debug|Any CPU.Build.0 = Debug|Any CPU
		{B42DD9EE-C461-4128-893C-CC67FC8BEBEB}.Release|Any CPU.ActiveCfg = Release|Any CPU
		{B42DD9EE-C461-4128-893C-CC67FC8BEBEB}.Release|Any CPU.Build.0 = Release|Any CPU
		{BF5AB55B-A9AD-4EC1-9BA7-116C4A6B1ABF}.Debug|Any CPU.ActiveCfg = Debug|Any CPU
		{BF5AB55B-A9AD-4EC1-9BA7-116C4A6B1ABF}.Debug|Any CPU.Build.0 = Debug|Any CPU
		{BF5AB55B-A9AD-4EC1-9BA7-116C4A6B1ABF}.Release|Any CPU.ActiveCfg = Release|Any CPU
		{BF5AB55B-A9AD-4EC1-9BA7-116C4A6B1ABF}.Release|Any CPU.Build.0 = Release|Any CPU
	EndGlobalSection
EndGlobal
